// !$*UTF8*$!
{
	archiveVersion = 1;
	classes = {
	};
	objectVersion = 48;
	objects = {

/* Begin PBXBuildFile section */
		29A1E40602D91D1085810687 /* Pods_bitcoinTicker.framework in Frameworks */ = {isa = PBXBuildFile; fileRef = E25C772CAD99AD413F80AD48 /* Pods_bitcoinTicker.framework */; };
		5ED6EE0B204F18B90067FD05 /* AppDelegate.swift in Sources */ = {isa = PBXBuildFile; fileRef = 5ED6EE0A204F18B90067FD05 /* AppDelegate.swift */; };
		5ED6EE0D204F18B90067FD05 /* ViewController.swift in Sources */ = {isa = PBXBuildFile; fileRef = 5ED6EE0C204F18B90067FD05 /* ViewController.swift */; };
		5ED6EE10204F18B90067FD05 /* Main.storyboard in Resources */ = {isa = PBXBuildFile; fileRef = 5ED6EE0E204F18B90067FD05 /* Main.storyboard */; };
		5ED6EE13204F18B90067FD05 /* bitcoinTicker.xcdatamodeld in Sources */ = {isa = PBXBuildFile; fileRef = 5ED6EE11204F18B90067FD05 /* bitcoinTicker.xcdatamodeld */; };
		5ED6EE15204F18B90067FD05 /* Assets.xcassets in Resources */ = {isa = PBXBuildFile; fileRef = 5ED6EE14204F18B90067FD05 /* Assets.xcassets */; };
		5ED6EE18204F18B90067FD05 /* LaunchScreen.storyboard in Resources */ = {isa = PBXBuildFile; fileRef = 5ED6EE16204F18B90067FD05 /* LaunchScreen.storyboard */; };
		5ED6EE22204F386B0067FD05 /* CoinClass.swift in Sources */ = {isa = PBXBuildFile; fileRef = 5ED6EE21204F386B0067FD05 /* CoinClass.swift */; };
		5ED6EE24204F3F8C0067FD05 /* JSONClass.swift in Sources */ = {isa = PBXBuildFile; fileRef = 5ED6EE23204F3F8C0067FD05 /* JSONClass.swift */; };
		5ED6EE26204F402F0067FD05 /* Data.swift in Sources */ = {isa = PBXBuildFile; fileRef = 5ED6EE25204F402F0067FD05 /* Data.swift */; };
/* End PBXBuildFile section */

/* Begin PBXFileReference section */
		02A9ED6C0BECDEBC440E3E0F /* Pods-bitcoinTicker.debug.xcconfig */ = {isa = PBXFileReference; includeInIndex = 1; lastKnownFileType = text.xcconfig; name = "Pods-bitcoinTicker.debug.xcconfig"; path = "Pods/Target Support Files/Pods-bitcoinTicker/Pods-bitcoinTicker.debug.xcconfig"; sourceTree = "<group>"; };
		5ED6EE07204F18B90067FD05 /* bitcoinTicker.app */ = {isa = PBXFileReference; explicitFileType = wrapper.application; includeInIndex = 0; path = bitcoinTicker.app; sourceTree = BUILT_PRODUCTS_DIR; };
		5ED6EE0A204F18B90067FD05 /* AppDelegate.swift */ = {isa = PBXFileReference; lastKnownFileType = sourcecode.swift; path = AppDelegate.swift; sourceTree = "<group>"; };
		5ED6EE0C204F18B90067FD05 /* ViewController.swift */ = {isa = PBXFileReference; lastKnownFileType = sourcecode.swift; path = ViewController.swift; sourceTree = "<group>"; };
		5ED6EE0F204F18B90067FD05 /* Base */ = {isa = PBXFileReference; lastKnownFileType = file.storyboard; name = Base; path = Base.lproj/Main.storyboard; sourceTree = "<group>"; };
		5ED6EE12204F18B90067FD05 /* bitcoinTicker.xcdatamodel */ = {isa = PBXFileReference; lastKnownFileType = wrapper.xcdatamodel; path = bitcoinTicker.xcdatamodel; sourceTree = "<group>"; };
		5ED6EE14204F18B90067FD05 /* Assets.xcassets */ = {isa = PBXFileReference; lastKnownFileType = folder.assetcatalog; path = Assets.xcassets; sourceTree = "<group>"; };
		5ED6EE17204F18B90067FD05 /* Base */ = {isa = PBXFileReference; lastKnownFileType = file.storyboard; name = Base; path = Base.lproj/LaunchScreen.storyboard; sourceTree = "<group>"; };
		5ED6EE19204F18B90067FD05 /* Info.plist */ = {isa = PBXFileReference; lastKnownFileType = text.plist.xml; path = Info.plist; sourceTree = "<group>"; };
		5ED6EE21204F386B0067FD05 /* CoinClass.swift */ = {isa = PBXFileReference; lastKnownFileType = sourcecode.swift; path = CoinClass.swift; sourceTree = "<group>"; };
		5ED6EE23204F3F8C0067FD05 /* JSONClass.swift */ = {isa = PBXFileReference; lastKnownFileType = sourcecode.swift; path = JSONClass.swift; sourceTree = "<group>"; };
		5ED6EE25204F402F0067FD05 /* Data.swift */ = {isa = PBXFileReference; lastKnownFileType = sourcecode.swift; path = Data.swift; sourceTree = "<group>"; };
		C34B7485865A2823802E5A24 /* Pods-bitcoinTicker.release.xcconfig */ = {isa = PBXFileReference; includeInIndex = 1; lastKnownFileType = text.xcconfig; name = "Pods-bitcoinTicker.release.xcconfig"; path = "Pods/Target Support Files/Pods-bitcoinTicker/Pods-bitcoinTicker.release.xcconfig"; sourceTree = "<group>"; };
		E25C772CAD99AD413F80AD48 /* Pods_bitcoinTicker.framework */ = {isa = PBXFileReference; explicitFileType = wrapper.framework; includeInIndex = 0; path = Pods_bitcoinTicker.framework; sourceTree = BUILT_PRODUCTS_DIR; };
/* End PBXFileReference section */

/* Begin PBXFrameworksBuildPhase section */
		5ED6EE04204F18B90067FD05 /* Frameworks */ = {
			isa = PBXFrameworksBuildPhase;
			buildActionMask = 2147483647;
			files = (
				29A1E40602D91D1085810687 /* Pods_bitcoinTicker.framework in Frameworks */,
			);
			runOnlyForDeploymentPostprocessing = 0;
		};
/* End PBXFrameworksBuildPhase section */

/* Begin PBXGroup section */
		5ED6EDFE204F18B90067FD05 = {
			isa = PBXGroup;
			children = (
				5ED6EE09204F18B90067FD05 /* bitcoinTicker */,
				5ED6EE08204F18B90067FD05 /* Products */,
				FDFD265AA0759E8DD226D6A8 /* Pods */,
				F223E91548D61D774151B9C8 /* Frameworks */,
			);
			sourceTree = "<group>";
		};
		5ED6EE08204F18B90067FD05 /* Products */ = {
			isa = PBXGroup;
			children = (
				5ED6EE07204F18B90067FD05 /* bitcoinTicker.app */,
			);
			name = Products;
			sourceTree = "<group>";
		};
		5ED6EE09204F18B90067FD05 /* bitcoinTicker */ = {
			isa = PBXGroup;
			children = (
				5ED6EE0A204F18B90067FD05 /* AppDelegate.swift */,
				5ED6EE0C204F18B90067FD05 /* ViewController.swift */,
				5ED6EE21204F386B0067FD05 /* CoinClass.swift */,
				5ED6EE23204F3F8C0067FD05 /* JSONClass.swift */,
				5ED6EE25204F402F0067FD05 /* Data.swift */,
				5ED6EE0E204F18B90067FD05 /* Main.storyboard */,
				5ED6EE14204F18B90067FD05 /* Assets.xcassets */,
				5ED6EE16204F18B90067FD05 /* LaunchScreen.storyboard */,
				5ED6EE19204F18B90067FD05 /* Info.plist */,
				5ED6EE11204F18B90067FD05 /* bitcoinTicker.xcdatamodeld */,
			);
			path = bitcoinTicker;
			sourceTree = "<group>";
		};
		F223E91548D61D774151B9C8 /* Frameworks */ = {
			isa = PBXGroup;
			children = (
				E25C772CAD99AD413F80AD48 /* Pods_bitcoinTicker.framework */,
			);
			name = Frameworks;
			sourceTree = "<group>";
		};
		FDFD265AA0759E8DD226D6A8 /* Pods */ = {
			isa = PBXGroup;
			children = (
				02A9ED6C0BECDEBC440E3E0F /* Pods-bitcoinTicker.debug.xcconfig */,
				C34B7485865A2823802E5A24 /* Pods-bitcoinTicker.release.xcconfig */,
			);
			name = Pods;
			sourceTree = "<group>";
		};
/* End PBXGroup section */

/* Begin PBXNativeTarget section */
		5ED6EE06204F18B90067FD05 /* bitcoinTicker */ = {
			isa = PBXNativeTarget;
			buildConfigurationList = 5ED6EE1C204F18B90067FD05 /* Build configuration list for PBXNativeTarget "bitcoinTicker" */;
			buildPhases = (
				531831021510E8322ABF88E5 /* [CP] Check Pods Manifest.lock */,
				5ED6EE03204F18B90067FD05 /* Sources */,
				5ED6EE04204F18B90067FD05 /* Frameworks */,
				5ED6EE05204F18B90067FD05 /* Resources */,
				D64C82D8B62B4229168DEE18 /* [CP] Embed Pods Frameworks */,
				642E56DE4AF770566A875988 /* [CP] Copy Pods Resources */,
			);
			buildRules = (
			);
			dependencies = (
			);
			name = bitcoinTicker;
			productName = bitcoinTicker;
			productReference = 5ED6EE07204F18B90067FD05 /* bitcoinTicker.app */;
			productType = "com.apple.product-type.application";
		};
/* End PBXNativeTarget section */

/* Begin PBXProject section */
		5ED6EDFF204F18B90067FD05 /* Project object */ = {
			isa = PBXProject;
			attributes = {
				LastSwiftUpdateCheck = 0920;
				LastUpgradeCheck = 0920;
				ORGANIZATIONNAME = "Clay Liddell";
				TargetAttributes = {
					5ED6EE06204F18B90067FD05 = {
						CreatedOnToolsVersion = 9.2;
						ProvisioningStyle = Automatic;
					};
				};
			};
			buildConfigurationList = 5ED6EE02204F18B90067FD05 /* Build configuration list for PBXProject "bitcoinTicker" */;
			compatibilityVersion = "Xcode 8.0";
			developmentRegion = en;
			hasScannedForEncodings = 0;
			knownRegions = (
				en,
				Base,
			);
			mainGroup = 5ED6EDFE204F18B90067FD05;
			productRefGroup = 5ED6EE08204F18B90067FD05 /* Products */;
			projectDirPath = "";
			projectRoot = "";
			targets = (
				5ED6EE06204F18B90067FD05 /* bitcoinTicker */,
			);
		};
/* End PBXProject section */

/* Begin PBXResourcesBuildPhase section */
		5ED6EE05204F18B90067FD05 /* Resources */ = {
			isa = PBXResourcesBuildPhase;
			buildActionMask = 2147483647;
			files = (
				5ED6EE18204F18B90067FD05 /* LaunchScreen.storyboard in Resources */,
				5ED6EE15204F18B90067FD05 /* Assets.xcassets in Resources */,
				5ED6EE10204F18B90067FD05 /* Main.storyboard in Resources */,
			);
			runOnlyForDeploymentPostprocessing = 0;
		};
/* End PBXResourcesBuildPhase section */

/* Begin PBXShellScriptBuildPhase section */
		531831021510E8322ABF88E5 /* [CP] Check Pods Manifest.lock */ = {
			isa = PBXShellScriptBuildPhase;
			buildActionMask = 2147483647;
			files = (
			);
			inputPaths = (
				"${PODS_PODFILE_DIR_PATH}/Podfile.lock",
				"${PODS_ROOT}/Manifest.lock",
			);
			name = "[CP] Check Pods Manifest.lock";
			outputPaths = (
				"$(DERIVED_FILE_DIR)/Pods-bitcoinTicker-checkManifestLockResult.txt",
			);
			runOnlyForDeploymentPostprocessing = 0;
			shellPath = /bin/sh;
			shellScript = "diff \"${PODS_PODFILE_DIR_PATH}/Podfile.lock\" \"${PODS_ROOT}/Manifest.lock\" > /dev/null\nif [ $? != 0 ] ; then\n    # print error to STDERR\n    echo \"error: The sandbox is not in sync with the Podfile.lock. Run 'pod install' or update your CocoaPods installation.\" >&2\n    exit 1\nfi\n# This output is used by Xcode 'outputs' to avoid re-running this script phase.\necho \"SUCCESS\" > \"${SCRIPT_OUTPUT_FILE_0}\"\n";
			showEnvVarsInLog = 0;
		};
		642E56DE4AF770566A875988 /* [CP] Copy Pods Resources */ = {
			isa = PBXShellScriptBuildPhase;
			buildActionMask = 2147483647;
			files = (
			);
			inputPaths = (
			);
			name = "[CP] Copy Pods Resources";
			outputPaths = (
			);
			runOnlyForDeploymentPostprocessing = 0;
			shellPath = /bin/sh;
			shellScript = "\"${SRCROOT}/Pods/Target Support Files/Pods-bitcoinTicker/Pods-bitcoinTicker-resources.sh\"\n";
			showEnvVarsInLog = 0;
		};
		D64C82D8B62B4229168DEE18 /* [CP] Embed Pods Frameworks */ = {
			isa = PBXShellScriptBuildPhase;
			buildActionMask = 2147483647;
			files = (
			);
			inputPaths = (
				"${SRCROOT}/Pods/Target Support Files/Pods-bitcoinTicker/Pods-bitcoinTicker-frameworks.sh",
				"${BUILT_PRODUCTS_DIR}/Disk/Disk.framework",
			);
			name = "[CP] Embed Pods Frameworks";
			outputPaths = (
				"${TARGET_BUILD_DIR}/${FRAMEWORKS_FOLDER_PATH}/Disk.framework",
			);
			runOnlyForDeploymentPostprocessing = 0;
			shellPath = /bin/sh;
			shellScript = "\"${SRCROOT}/Pods/Target Support Files/Pods-bitcoinTicker/Pods-bitcoinTicker-frameworks.sh\"\n";
			showEnvVarsInLog = 0;
		};
/* End PBXShellScriptBuildPhase section */

/* Begin PBXSourcesBuildPhase section */
		5ED6EE03204F18B90067FD05 /* Sources */ = {
			isa = PBXSourcesBuildPhase;
			buildActionMask = 2147483647;
			files = (
				5ED6EE0D204F18B90067FD05 /* ViewController.swift in Sources */,
				5ED6EE26204F402F0067FD05 /* Data.swift in Sources */,
				5ED6EE22204F386B0067FD05 /* CoinClass.swift in Sources */,
				5ED6EE13204F18B90067FD05 /* bitcoinTicker.xcdatamodeld in Sources */,
				5ED6EE24204F3F8C0067FD05 /* JSONClass.swift in Sources */,
				5ED6EE0B204F18B90067FD05 /* AppDelegate.swift in Sources */,
			);
			runOnlyForDeploymentPostprocessing = 0;
		};
/* End PBXSourcesBuildPhase section */

/* Begin PBXVariantGroup section */
		5ED6EE0E204F18B90067FD05 /* Main.storyboard */ = {
			isa = PBXVariantGroup;
			children = (
				5ED6EE0F204F18B90067FD05 /* Base */,
			);
			name = Main.storyboard;
			sourceTree = "<group>";
		};
		5ED6EE16204F18B90067FD05 /* LaunchScreen.storyboard */ = {
			isa = PBXVariantGroup;
			children = (
				5ED6EE17204F18B90067FD05 /* Base */,
			);
			name = LaunchScreen.storyboard;
			sourceTree = "<group>";
		};
/* End PBXVariantGroup section */

/* Begin XCBuildConfiguration section */
		5ED6EE1A204F18B90067FD05 /* Debug */ = {
			isa = XCBuildConfiguration;
			buildSettings = {
				ALWAYS_SEARCH_USER_PATHS = NO;
				CLANG_ANALYZER_NONNULL = YES;
				CLANG_ANALYZER_NUMBER_OBJECT_CONVERSION = YES_AGGRESSIVE;
				CLANG_CXX_LANGUAGE_STANDARD = "gnu++14";
				CLANG_CXX_LIBRARY = "libc++";
				CLANG_ENABLE_MODULES = YES;
				CLANG_ENABLE_OBJC_ARC = YES;
				CLANG_WARN_BLOCK_CAPTURE_AUTORELEASING = YES;
				CLANG_WARN_BOOL_CONVERSION = YES;
				CLANG_WARN_COMMA = YES;
				CLANG_WARN_CONSTANT_CONVERSION = YES;
				CLANG_WARN_DIRECT_OBJC_ISA_USAGE = YES_ERROR;
				CLANG_WARN_DOCUMENTATION_COMMENTS = YES;
				CLANG_WARN_EMPTY_BODY = YES;
				CLANG_WARN_ENUM_CONVERSION = YES;
				CLANG_WARN_INFINITE_RECURSION = YES;
				CLANG_WARN_INT_CONVERSION = YES;
				CLANG_WARN_NON_LITERAL_NULL_CONVERSION = YES;
				CLANG_WARN_OBJC_LITERAL_CONVERSION = YES;
				CLANG_WARN_OBJC_ROOT_CLASS = YES_ERROR;
				CLANG_WARN_RANGE_LOOP_ANALYSIS = YES;
				CLANG_WARN_STRICT_PROTOTYPES = YES;
				CLANG_WARN_SUSPICIOUS_MOVE = YES;
				CLANG_WARN_UNGUARDED_AVAILABILITY = YES_AGGRESSIVE;
				CLANG_WARN_UNREACHABLE_CODE = YES;
				CLANG_WARN__DUPLICATE_METHOD_MATCH = YES;
				CODE_SIGN_IDENTITY = "iPhone Developer";
				COPY_PHASE_STRIP = NO;
				DEBUG_INFORMATION_FORMAT = dwarf;
				ENABLE_STRICT_OBJC_MSGSEND = YES;
				ENABLE_TESTABILITY = YES;
				GCC_C_LANGUAGE_STANDARD = gnu11;
				GCC_DYNAMIC_NO_PIC = NO;
				GCC_NO_COMMON_BLOCKS = YES;
				GCC_OPTIMIZATION_LEVEL = 0;
				GCC_PREPROCESSOR_DEFINITIONS = (
					"DEBUG=1",
					"$(inherited)",
				);
				GCC_WARN_64_TO_32_BIT_CONVERSION = YES;
				GCC_WARN_ABOUT_RETURN_TYPE = YES_ERROR;
				GCC_WARN_UNDECLARED_SELECTOR = YES;
				GCC_WARN_UNINITIALIZED_AUTOS = YES_AGGRESSIVE;
				GCC_WARN_UNUSED_FUNCTION = YES;
				GCC_WARN_UNUSED_VARIABLE = YES;
				IPHONEOS_DEPLOYMENT_TARGET = 11.2;
				MTL_ENABLE_DEBUG_INFO = YES;
				ONLY_ACTIVE_ARCH = YES;
				SDKROOT = iphoneos;
				SWIFT_ACTIVE_COMPILATION_CONDITIONS = DEBUG;
				SWIFT_OPTIMIZATION_LEVEL = "-Onone";
			};
			name = Debug;
		};
		5ED6EE1B204F18B90067FD05 /* Release */ = {
			isa = XCBuildConfiguration;
			buildSettings = {
				ALWAYS_SEARCH_USER_PATHS = NO;
				CLANG_ANALYZER_NONNULL = YES;
				CLANG_ANALYZER_NUMBER_OBJECT_CONVERSION = YES_AGGRESSIVE;
				CLANG_CXX_LANGUAGE_STANDARD = "gnu++14";
				CLANG_CXX_LIBRARY = "libc++";
				CLANG_ENABLE_MODULES = YES;
				CLANG_ENABLE_OBJC_ARC = YES;
				CLANG_WARN_BLOCK_CAPTURE_AUTORELEASING = YES;
				CLANG_WARN_BOOL_CONVERSION = YES;
				CLANG_WARN_COMMA = YES;
				CLANG_WARN_CONSTANT_CONVERSION = YES;
				CLANG_WARN_DIRECT_OBJC_ISA_USAGE = YES_ERROR;
				CLANG_WARN_DOCUMENTATION_COMMENTS = YES;
				CLANG_WARN_EMPTY_BODY = YES;
				CLANG_WARN_ENUM_CONVERSION = YES;
				CLANG_WARN_INFINITE_RECURSION = YES;
				CLANG_WARN_INT_CONVERSION = YES;
				CLANG_WARN_NON_LITERAL_NULL_CONVERSION = YES;
				CLANG_WARN_OBJC_LITERAL_CONVERSION = YES;
				CLANG_WARN_OBJC_ROOT_CLASS = YES_ERROR;
				CLANG_WARN_RANGE_LOOP_ANALYSIS = YES;
				CLANG_WARN_STRICT_PROTOTYPES = YES;
				CLANG_WARN_SUSPICIOUS_MOVE = YES;
				CLANG_WARN_UNGUARDED_AVAILABILITY = YES_AGGRESSIVE;
				CLANG_WARN_UNREACHABLE_CODE = YES;
				CLANG_WARN__DUPLICATE_METHOD_MATCH = YES;
				CODE_SIGN_IDENTITY = "iPhone Developer";
				COPY_PHASE_STRIP = NO;
				DEBUG_INFORMATION_FORMAT = "dwarf-with-dsym";
				ENABLE_NS_ASSERTIONS = NO;
				ENABLE_STRICT_OBJC_MSGSEND = YES;
				GCC_C_LANGUAGE_STANDARD = gnu11;
				GCC_NO_COMMON_BLOCKS = YES;
				GCC_WARN_64_TO_32_BIT_CONVERSION = YES;
				GCC_WARN_ABOUT_RETURN_TYPE = YES_ERROR;
				GCC_WARN_UNDECLARED_SELECTOR = YES;
				GCC_WARN_UNINITIALIZED_AUTOS = YES_AGGRESSIVE;
				GCC_WARN_UNUSED_FUNCTION = YES;
				GCC_WARN_UNUSED_VARIABLE = YES;
				IPHONEOS_DEPLOYMENT_TARGET = 11.2;
				MTL_ENABLE_DEBUG_INFO = NO;
				SDKROOT = iphoneos;
				SWIFT_OPTIMIZATION_LEVEL = "-Owholemodule";
				VALIDATE_PRODUCT = YES;
			};
			name = Release;
		};
		5ED6EE1D204F18B90067FD05 /* Debug */ = {
			isa = XCBuildConfiguration;
			baseConfigurationReference = 02A9ED6C0BECDEBC440E3E0F /* Pods-bitcoinTicker.debug.xcconfig */;
			buildSettings = {
				ASSETCATALOG_COMPILER_APPICON_NAME = AppIcon;
				CODE_SIGN_STYLE = Automatic;
				INFOPLIST_FILE = bitcoinTicker/Info.plist;
				LD_RUNPATH_SEARCH_PATHS = "$(inherited) @executable_path/Frameworks";
				PRODUCT_BUNDLE_IDENTIFIER = com.clayliddell.bitcoinTicker;
				PRODUCT_NAME = "$(TARGET_NAME)";
				SWIFT_VERSION = 4.0;
				TARGETED_DEVICE_FAMILY = "1,2";
			};
			name = Debug;
		};
		5ED6EE1E204F18B90067FD05 /* Release */ = {
			isa = XCBuildConfiguration;
			baseConfigurationReference = C34B7485865A2823802E5A24 /* Pods-bitcoinTicker.release.xcconfig */;
			buildSettings = {
				ASSETCATALOG_COMPILER_APPICON_NAME = AppIcon;
				CODE_SIGN_STYLE = Automatic;
				INFOPLIST_FILE = bitcoinTicker/Info.plist;
				LD_RUNPATH_SEARCH_PATHS = "$(inherited) @executable_path/Frameworks";
				PRODUCT_BUNDLE_IDENTIFIER = com.clayliddell.bitcoinTicker;
				PRODUCT_NAME = "$(TARGET_NAME)";
				SWIFT_VERSION = 4.0;
				TARGETED_DEVICE_FAMILY = "1,2";
			};
			name = Release;
		};
/* End XCBuildConfiguration section */

/* Begin XCConfigurationList section */
		5ED6EE02204F18B90067FD05 /* Build configuration list for PBXProject "bitcoinTicker" */ = {
			isa = XCConfigurationList;
			buildConfigurations = (
				5ED6EE1A204F18B90067FD05 /* Debug */,
				5ED6EE1B204F18B90067FD05 /* Release */,
			);
			defaultConfigurationIsVisible = 0;
			defaultConfigurationName = Release;
		};
		5ED6EE1C204F18B90067FD05 /* Build configuration list for PBXNativeTarget "bitcoinTicker" */ = {
			isa = XCConfigurationList;
			buildConfigurations = (
				5ED6EE1D204F18B90067FD05 /* Debug */,
				5ED6EE1E204F18B90067FD05 /* Release */,
			);
			defaultConfigurationIsVisible = 0;
			defaultConfigurationName = Release;
		};
/* End XCConfigurationList section */

/* Begin XCVersionGroup section */
		5ED6EE11204F18B90067FD05 /* bitcoinTicker.xcdatamodeld */ = {
			isa = XCVersionGroup;
			children = (
				5ED6EE12204F18B90067FD05 /* bitcoinTicker.xcdatamodel */,
			);
			currentVersion = 5ED6EE12204F18B90067FD05 /* bitcoinTicker.xcdatamodel */;
			path = bitcoinTicker.xcdatamodeld;
			sourceTree = "<group>";
			versionGroupType = wrapper.xcdatamodel;
		};
/* End XCVersionGroup section */
	};
	rootObject = 5ED6EDFF204F18B90067FD05 /* Project object */;
}
